
Microsoft Visual Studio Solution File, Format Version 12.00
# Visual Studio Version 17
VisualStudioVersion = 17.5.33414.496
MinimumVisualStudioVersion = 10.0.40219.1
Project("{9A19103F-16F7-4668-BE54-9A1E7A4F7556}") = "BizCover.Blaze.Infrastructure.Bus", "src\BizCover.Blaze.Infrastructure.Bus\BizCover.Blaze.Infrastructure.Bus.csproj", "{55D89E9A-6376-4A8B-9166-10F4460296BA}"
EndProject
Project("{9A19103F-16F7-4668-BE54-9A1E7A4F7556}") = "BizCover.Blaze.Infrastructure.Bus.Sample.Consumer", "samples\BizCover.Blaze.Infrastructure.Bus.Sample.Consumer\BizCover.Blaze.Infrastructure.Bus.Sample.Consumer.csproj", "{59C87F6A-7EE5-45D9-B4BE-7CD7F9A678C7}"
EndProject
Project("{9A19103F-16F7-4668-BE54-9A1E7A4F7556}") = "BizCover.Blaze.Infrastructure.Bus.Sample.Publisher", "samples\BizCover.Blaze.Infrastructure.Bus.Sample.Publisher\BizCover.Blaze.Infrastructure.Bus.Sample.Publisher.csproj", "{CDB6E498-B69A-4A0F-9DAA-74D6946EA534}"
EndProject
Project("{9A19103F-16F7-4668-BE54-9A1E7A4F7556}") = "BizCover.Blaze.Infrastructure.Bus.Tests", "tests\BizCover.Blaze.Infrastructure.Bus.Tests\BizCover.Blaze.Infrastructure.Bus.Tests.csproj", "{EDEDF31E-DD23-4A97-B0E0-CB32983A2309}"
EndProject
Project("{9A19103F-16F7-4668-BE54-9A1E7A4F7556}") = "BizCover.Blaze.Infrastructure.Bus.IntegrationTests", "tests\BizCover.Blaze.Infrastructure.Bus.IntegrationTests\BizCover.Blaze.Infrastructure.Bus.IntegrationTests.csproj", "{0D5B86CF-CE27-4C92-BF40-200B0D0A3D43}"
EndProject
Project("{9A19103F-16F7-4668-BE54-9A1E7A4F7556}") = "BizCover.Blaze.Infrastructure.Bus.Sample.Event", "samples\BizCover.Blaze.Infrastructure.Bus.Sample.Event\BizCover.Blaze.Infrastructure.Bus.Sample.Event.csproj", "{DA1AE6E2-8DF0-4F6A-A6FE-DAFB375205F9}"
EndProject
Project("{2150E333-8FDC-42A3-9474-1A3956D46DE8}") = "tests", "tests", "{B8DB0944-201F-4D30-AB90-15DEBD7938F3}"
EndProject
Project("{2150E333-8FDC-42A3-9474-1A3956D46DE8}") = "src", "src", "{CDA9D816-B715-4699-A11C-81F7BAC2B5CB}"
EndProject
Project("{2150E333-8FDC-42A3-9474-1A3956D46DE8}") = "samples", "samples", "{D33176EA-EF5B-4809-93FF-7CA015116685}"
EndProject
Project("{FAE04EC0-301F-11D3-BF4B-00C04F79EFBC}") = "BizCover.Blaze.Infrastructure.Bus.Upgrade", "src\BizCover.Blaze.Infrastructure.Bus.Upgrade\BizCover.Blaze.Infrastructure.Bus.Upgrade.csproj", "{B9ABE16B-B164-4391-B1B7-E9758BD0E0F2}"
EndProject
Global
	GlobalSection(SolutionConfigurationPlatforms) = preSolution
		Debug|Any CPU = Debug|Any CPU
		Release|Any CPU = Release|Any CPU
	EndGlobalSection
	GlobalSection(ProjectConfigurationPlatforms) = postSolution
		{55D89E9A-6376-4A8B-9166-10F4460296BA}.Debug|Any CPU.ActiveCfg = Debug|Any CPU
		{55D89E9A-6376-4A8B-9166-10F4460296BA}.Debug|Any CPU.Build.0 = Debug|Any CPU
		{55D89E9A-6376-4A8B-9166-10F4460296BA}.Release|Any CPU.ActiveCfg = Release|Any CPU
		{55D89E9A-6376-4A8B-9166-10F4460296BA}.Release|Any CPU.Build.0 = Release|Any CPU
		{59C87F6A-7EE5-45D9-B4BE-7CD7F9A678C7}.Debug|Any CPU.ActiveCfg = Debug|Any CPU
		{59C87F6A-7EE5-45D9-B4BE-7CD7F9A678C7}.Debug|Any CPU.Build.0 = Debug|Any CPU
		{59C87F6A-7EE5-45D9-B4BE-7CD7F9A678C7}.Release|Any CPU.ActiveCfg = Release|Any CPU
		{59C87F6A-7EE5-45D9-B4BE-7CD7F9A678C7}.Release|Any CPU.Build.0 = Release|Any CPU
		{CDB6E498-B69A-4A0F-9DAA-74D6946EA534}.Debug|Any CPU.ActiveCfg = Debug|Any CPU
		{CDB6E498-B69A-4A0F-9DAA-74D6946EA534}.Debug|Any CPU.Build.0 = Debug|Any CPU
		{CDB6E498-B69A-4A0F-9DAA-74D6946EA534}.Release|Any CPU.ActiveCfg = Release|Any CPU
		{CDB6E498-B69A-4A0F-9DAA-74D6946EA534}.Release|Any CPU.Build.0 = Release|Any CPU
		{EDEDF31E-DD23-4A97-B0E0-CB32983A2309}.Debug|Any CPU.ActiveCfg = Debug|Any CPU
		{EDEDF31E-DD23-4A97-B0E0-CB32983A2309}.Debug|Any CPU.Build.0 = Debug|Any CPU
		{EDEDF31E-DD23-4A97-B0E0-CB32983A2309}.Release|Any CPU.ActiveCfg = Release|Any CPU
		{EDEDF31E-DD23-4A97-B0E0-CB32983A2309}.Release|Any CPU.Build.0 = Release|Any CPU
		{0D5B86CF-CE27-4C92-BF40-200B0D0A3D43}.Debug|Any CPU.ActiveCfg = Debug|Any CPU
		{0D5B86CF-CE27-4C92-BF40-200B0D0A3D43}.Debug|Any CPU.Build.0 = Debug|Any CPU
		{0D5B86CF-CE27-4C92-BF40-200B0D0A3D43}.Release|Any CPU.ActiveCfg = Release|Any CPU
		{0D5B86CF-CE27-4C92-BF40-200B0D0A3D43}.Release|Any CPU.Build.0 = Release|Any CPU
		{DA1AE6E2-8DF0-4F6A-A6FE-DAFB375205F9}.Debug|Any CPU.ActiveCfg = Debug|Any CPU
		{DA1AE6E2-8DF0-4F6A-A6FE-DAFB375205F9}.Debug|Any CPU.Build.0 = Debug|Any CPU
		{DA1AE6E2-8DF0-4F6A-A6FE-DAFB375205F9}.Release|Any CPU.ActiveCfg = Release|Any CPU
		{DA1AE6E2-8DF0-4F6A-A6FE-DAFB375205F9}.Release|Any CPU.Build.0 = Release|Any CPU
		{B9ABE16B-B164-4391-B1B7-E9758BD0E0F2}.Debug|Any CPU.ActiveCfg = Debug|Any CPU
		{B9ABE16B-B164-4391-B1B7-E9758BD0E0F2}.Debug|Any CPU.Build.0 = Debug|Any CPU
		{B9ABE16B-B164-4391-B1B7-E9758BD0E0F2}.Release|Any CPU.ActiveCfg = Release|Any CPU
		{B9ABE16B-B164-4391-B1B7-E9758BD0E0F2}.Release|Any CPU.Build.0 = Release|Any CPU
	EndGlobalSection
	GlobalSection(SolutionProperties) = preSolution
		HideSolutionNode = FALSE
	EndGlobalSection
	GlobalSection(NestedProjects) = preSolution
		{55D89E9A-6376-4A8B-9166-10F4460296BA} = {CDA9D816-B715-4699-A11C-81F7BAC2B5CB}
		{59C87F6A-7EE5-45D9-B4BE-7CD7F9A678C7} = {D33176EA-EF5B-4809-93FF-7CA015116685}
		{CDB6E498-B69A-4A0F-9DAA-74D6946EA534} = {D33176EA-EF5B-4809-93FF-7CA015116685}
		{EDEDF31E-DD23-4A97-B0E0-CB32983A2309} = {B8DB0944-201F-4D30-AB90-15DEBD7938F3}
		{0D5B86CF-CE27-4C92-BF40-200B0D0A3D43} = {B8DB0944-201F-4D30-AB90-15DEBD7938F3}
		{DA1AE6E2-8DF0-4F6A-A6FE-DAFB375205F9} = {D33176EA-EF5B-4809-93FF-7CA015116685}
		{B9ABE16B-B164-4391-B1B7-E9758BD0E0F2} = {CDA9D816-B715-4699-A11C-81F7BAC2B5CB}
	EndGlobalSection
	GlobalSection(ExtensibilityGlobals) = postSolution
		SolutionGuid = {B87ABBAD-8344-4FC2-9481-F96E22370833}
	EndGlobalSection
EndGlobal
